{
  "name": "node_db",
  "version": "1.0.0",
  "lockfileVersion": 2,
  "requires": true,
  "packages": {
    "": {
      "name": "node_db",
      "version": "1.0.0",
      "license": "ISC",
      "dependencies": {
        "cmd": "^0.1.0",
        "smd": "^0.1.1"
      }
    },
    "node_modules/as-array": {
      "version": "2.0.0",
      "resolved": "https://registry.npmjs.org/as-array/-/as-array-2.0.0.tgz",
      "integrity": "sha512-1Sd1LrodN0XYxYeZcN1J4xYZvmvTwD5tDWaPUGPIzH1mFsmzsPnVtd2exWhecMjtZk/wYWjNZJiD3b1SLCeJqg=="
    },
    "node_modules/cmd": {
      "version": "0.1.0",
      "resolved": "https://registry.npmjs.org/cmd/-/cmd-0.1.0.tgz",
      "integrity": "sha512-fGvgTTmplVStqdrDqPK+YV2+rVTGjbwKTzJf+qklp+kzxW2Funmnvu024I2s/xcOndouXCaGPbYCJ84Qn5X3/Q==",
      "dependencies": {
        "as-array": "^2.0.0",
        "cmd-utils": "^0.1.0",
        "minimist": "^1.2.0",
        "ramda": "^0.17.1"
      }
    },
    "node_modules/cmd-utils": {
      "version": "0.1.0",
      "resolved": "https://registry.npmjs.org/cmd-utils/-/cmd-utils-0.1.0.tgz",
      "integrity": "sha512-TSrgl6Af7W1lfNjIZGcKjgXP3qaplua8SRHM2iVhxCvo7bSnC0VPEmYiXqGt+8eb4HP1+KcA0m+mLvfqQF+W5w==",
      "dependencies": {
        "as-array": "^2.0.0",
        "ramda": "^0.17.1"
      }
    },
    "node_modules/debug": {
      "version": "0.8.1",
      "resolved": "https://registry.npmjs.org/debug/-/debug-0.8.1.tgz",
      "integrity": "sha512-HlXEJm99YsRjLJ8xmuz0Lq8YUwrv7hAJkTEr6/Em3sUlSUNl0UdFA+1SrY4fnykeq1FVkUEUtwRGHs9VvlYbGA==",
      "engines": {
        "node": "*"
      }
    },
    "node_modules/metric-log": {
      "version": "1.0.1",
      "resolved": "https://registry.npmjs.org/metric-log/-/metric-log-1.0.1.tgz",
      "integrity": "sha512-qqu0Bf9JU15gwyBz1w1r7AWaKsqPA9TnX+ZkzSC3DGGkxoY7UXBwWyNVp/i2Jh8KUoJw3H7wQecJB4eCX05mLw==",
      "dependencies": {
        "debug": "~0.8.1",
        "throttled-log": "~0.1.0"
      }
    },
    "node_modules/minimist": {
      "version": "1.2.6",
      "resolved": "https://registry.npmjs.org/minimist/-/minimist-1.2.6.tgz",
      "integrity": "sha512-Jsjnk4bw3YJqYzbdyBiNsPWHPfO++UGG749Cxs6peCu5Xg4nrena6OVxOYxrQTqww0Jmwt+Ref8rggumkTLz9Q=="
    },
    "node_modules/ramda": {
      "version": "0.17.1",
      "resolved": "https://registry.npmjs.org/ramda/-/ramda-0.17.1.tgz",
      "integrity": "sha512-6XwOkewuUOhFWIvc4lonoyaui7nQLrBG9p71N2QTNHkAeKJS+vhEk9D/Cv/v8hRCS7JBLLmtXH0KwcBg2u/nfQ=="
    },
    "node_modules/simple-debug": {
      "version": "1.1.2",
      "resolved": "https://registry.npmjs.org/simple-debug/-/simple-debug-1.1.2.tgz",
      "integrity": "sha512-TUfqoMQVVDSwvuWkbutzjl10l1pNGwcshpJFl/wN849cwsstT0WCoA7KNPRQsOh99fTEUdowtytKfsOVzN6RFA=="
    },
    "node_modules/smd": {
      "version": "0.1.1",
      "resolved": "https://registry.npmjs.org/smd/-/smd-0.1.1.tgz",
      "integrity": "sha512-vJrZYcVYT9AdIALHhUtQwXbDJLlLgc6aVibr5JhVl8SGNLhagLrvBlsdtIRLclkOYUp0kMBS4YB6cTkn4cKuXw==",
      "dependencies": {
        "metric-log": "*",
        "simple-debug": "*"
      }
    },
    "node_modules/throttled-log": {
      "version": "0.1.1",
      "resolved": "https://registry.npmjs.org/throttled-log/-/throttled-log-0.1.1.tgz",
      "integrity": "sha512-jGDR0WhBKS28htFU82gf35jAIoRLfB8sXrWvMDmSMWdVVIPtdTBqBVbVIECM8qz64fI/MJ42pc6N3KSxRaxlHg==",
      "dependencies": {
        "throttleit": "0.0.2"
      }
    },
    "node_modules/throttleit": {
      "version": "0.0.2",
      "resolved": "https://registry.npmjs.org/throttleit/-/throttleit-0.0.2.tgz",
      "integrity": "sha512-HtlTFeyYs1elDM2txiIGsdXHaq8kffVaZH/QEBRbo95zQqzlsBx5ELKhkPOZVad9OK9oxzwx6UrQN8Vfh/+yag=="
    }
  },
  "dependencies": {
    "as-array": {
      "version": "2.0.0",
      "resolved": "https://registry.npmjs.org/as-array/-/as-array-2.0.0.tgz",
      "integrity": "sha512-1Sd1LrodN0XYxYeZcN1J4xYZvmvTwD5tDWaPUGPIzH1mFsmzsPnVtd2exWhecMjtZk/wYWjNZJiD3b1SLCeJqg=="
    },
    "cmd": {
      "version": "0.1.0",
      "resolved": "https://registry.npmjs.org/cmd/-/cmd-0.1.0.tgz",
      "integrity": "sha512-fGvgTTmplVStqdrDqPK+YV2+rVTGjbwKTzJf+qklp+kzxW2Funmnvu024I2s/xcOndouXCaGPbYCJ84Qn5X3/Q==",
      "requires": {
        "as-array": "^2.0.0",
        "cmd-utils": "^0.1.0",
        "minimist": "^1.2.0",
        "ramda": "^0.17.1"
      }
    },
    "cmd-utils": {
      "version": "0.1.0",
      "resolved": "https://registry.npmjs.org/cmd-utils/-/cmd-utils-0.1.0.tgz",
      "integrity": "sha512-TSrgl6Af7W1lfNjIZGcKjgXP3qaplua8SRHM2iVhxCvo7bSnC0VPEmYiXqGt+8eb4HP1+KcA0m+mLvfqQF+W5w==",
      "requires": {
        "as-array": "^2.0.0",
        "ramda": "^0.17.1"
      }
    },
    "debug": {
      "version": "0.8.1",
      "resolved": "https://registry.npmjs.org/debug/-/debug-0.8.1.tgz",
      "integrity": "sha512-HlXEJm99YsRjLJ8xmuz0Lq8YUwrv7hAJkTEr6/Em3sUlSUNl0UdFA+1SrY4fnykeq1FVkUEUtwRGHs9VvlYbGA=="
    },
    "metric-log": {
      "version": "1.0.1",
      "resolved": "https://registry.npmjs.org/metric-log/-/metric-log-1.0.1.tgz",
      "integrity": "sha512-qqu0Bf9JU15gwyBz1w1r7AWaKsqPA9TnX+ZkzSC3DGGkxoY7UXBwWyNVp/i2Jh8KUoJw3H7wQecJB4eCX05mLw==",
      "requires": {
        "debug": "~0.8.1",
        "throttled-log": "~0.1.0"
      }
    },
    "minimist": {
      "version": "1.2.6",
      "resolved": "https://registry.npmjs.org/minimist/-/minimist-1.2.6.tgz",
      "integrity": "sha512-Jsjnk4bw3YJqYzbdyBiNsPWHPfO++UGG749Cxs6peCu5Xg4nrena6OVxOYxrQTqww0Jmwt+Ref8rggumkTLz9Q=="
    },
    "ramda": {
      "version": "0.17.1",
      "resolved": "https://registry.npmjs.org/ramda/-/ramda-0.17.1.tgz",
      "integrity": "sha512-6XwOkewuUOhFWIvc4lonoyaui7nQLrBG9p71N2QTNHkAeKJS+vhEk9D/Cv/v8hRCS7JBLLmtXH0KwcBg2u/nfQ=="
    },
    "simple-debug": {
      "version": "1.1.2",
      "resolved": "https://registry.npmjs.org/simple-debug/-/simple-debug-1.1.2.tgz",
      "integrity": "sha512-TUfqoMQVVDSwvuWkbutzjl10l1pNGwcshpJFl/wN849cwsstT0WCoA7KNPRQsOh99fTEUdowtytKfsOVzN6RFA=="
    },
    "smd": {
      "version": "0.1.1",
      "resolved": "https://registry.npmjs.org/smd/-/smd-0.1.1.tgz",
      "integrity": "sha512-vJrZYcVYT9AdIALHhUtQwXbDJLlLgc6aVibr5JhVl8SGNLhagLrvBlsdtIRLclkOYUp0kMBS4YB6cTkn4cKuXw==",
      "requires": {
        "metric-log": "*",
        "simple-debug": "*"
      }
    },
    "throttled-log": {
      "version": "0.1.1",
      "resolved": "https://registry.npmjs.org/throttled-log/-/throttled-log-0.1.1.tgz",
      "integrity": "sha512-jGDR0WhBKS28htFU82gf35jAIoRLfB8sXrWvMDmSMWdVVIPtdTBqBVbVIECM8qz64fI/MJ42pc6N3KSxRaxlHg==",
      "requires": {
        "throttleit": "0.0.2"
      }
    },
    "throttleit": {
      "version": "0.0.2",
      "resolved": "https://registry.npmjs.org/throttleit/-/throttleit-0.0.2.tgz",
      "integrity": "sha512-HtlTFeyYs1elDM2txiIGsdXHaq8kffVaZH/QEBRbo95zQqzlsBx5ELKhkPOZVad9OK9oxzwx6UrQN8Vfh/+yag=="
    }
  }
}
